<?xml version="1.0" encoding="utf-8"?>
<Project ToolsVersion="4.0" xmlns="http://schemas.microsoft.com/developer/msbuild/2003">
  <ItemGroup>
    <Filter Include="Source Files">
      <UniqueIdentifier>{4FC737F1-C7A5-4376-A066-2A32D752A2FF}</UniqueIdentifier>
      <Extensions>cpp;c;cc;cxx;def;odl;idl;hpj;bat;asm;asmx</Extensions>
    </Filter>
  </ItemGroup>
  <ItemGroup>
    <ClCompile Include="..\main.c">
      <Filter>Source Files</Filter>
    </ClCompile>
    <ClCompile Include="..\parallel.c">
      <Filter>Source Files</Filter>
    </ClCompile>
    <ClCompile Include="..\pq.c">
      <Filter>Source Files</Filter>
    </ClCompile>
    <ClCompile Include="..\trace.c">
      <Filter>Source Files</Filter>
    </ClCompile>
    <ClCompile Include="..\mfunc.c">
      <Filter>Source Files</Filter>
    </ClCompile>
    <ClCompile Include="..\simple.c">
      <Filter>Source Files</Filter>
    </ClCompile>
    <ClCompile Include="..\mfunc_simd.c">
      <Filter>Source Files</Filter>
    </ClCompile>
    <ClCompile Include="..\mfunc_simd_float.c">
      <Filter>Source Files</Filter>
    </ClCompile>
    <ClCompile Include="..\colour.c">
      <Filter>Source Files</Filter>
    </ClCompile>
    <ClCompile Include="..\iterative.c">
      <Filter>Source Files</Filter>
    </ClCompile>
    <ClCompile Include="..\mandelbrot.c">
      <Filter>Source Files</Filter>
    </ClCompile>
    <ClCompile Include="..\fractal.c">
      <Filter>Source Files</Filter>
    </ClCompile>
  </ItemGroup>
  <ItemGroup>
    <ClInclude Include="..\pq.h">
      <Filter>Source Files</Filter>
    </ClInclude>
    <ClInclude Include="..\fractal.h">
      <Filter>Source Files</Filter>
    </ClInclude>
    <ClInclude Include="..\mfunc.h">
      <Filter>Source Files</Filter>
    </ClInclude>
  </ItemGroup>
</Project>